// !$*UTF8*$!
{
	archiveVersion = 1;
	classes = {
	};
	objectVersion = 55;
	objects = {

/* Begin PBXBuildFile section */
		A10A3BB428AC0B84007835B1 /* Comfortaa-Light.ttf in Resources */ = {isa = PBXBuildFile; fileRef = A10A3BB128AC0B84007835B1 /* Comfortaa-Light.ttf */; };
		A10A3BB528AC0B84007835B1 /* Comfortaa-Regular.ttf in Resources */ = {isa = PBXBuildFile; fileRef = A10A3BB228AC0B84007835B1 /* Comfortaa-Regular.ttf */; };
		A10A3BB628AC0B84007835B1 /* Comfortaa-Bold.ttf in Resources */ = {isa = PBXBuildFile; fileRef = A10A3BB328AC0B84007835B1 /* Comfortaa-Bold.ttf */; };
		A12DDFA328ACC75F0048F115 /* AppIcons in Resources */ = {isa = PBXBuildFile; fileRef = A12DDFA228ACC75F0048F115 /* AppIcons */; };
		A1E1446C28A651E8002460A0 /* AppDelegate.swift in Sources */ = {isa = PBXBuildFile; fileRef = A1E1446B28A651E8002460A0 /* AppDelegate.swift */; };
		A1E1446E28A651E8002460A0 /* SceneDelegate.swift in Sources */ = {isa = PBXBuildFile; fileRef = A1E1446D28A651E8002460A0 /* SceneDelegate.swift */; };
		A1E1447028A651E8002460A0 /* ViewController.swift in Sources */ = {isa = PBXBuildFile; fileRef = A1E1446F28A651E8002460A0 /* ViewController.swift */; };
		A1E1447328A651E8002460A0 /* Main.storyboard in Resources */ = {isa = PBXBuildFile; fileRef = A1E1447128A651E8002460A0 /* Main.storyboard */; };
		A1E1447528A651EC002460A0 /* Assets.xcassets in Resources */ = {isa = PBXBuildFile; fileRef = A1E1447428A651EC002460A0 /* Assets.xcassets */; };
		A1E1447828A651EC002460A0 /* LaunchScreen.storyboard in Resources */ = {isa = PBXBuildFile; fileRef = A1E1447628A651EC002460A0 /* LaunchScreen.storyboard */; };
		A1E1448328A651EC002460A0 /* PreworkTests.swift in Sources */ = {isa = PBXBuildFile; fileRef = A1E1448228A651EC002460A0 /* PreworkTests.swift */; };
		A1E1448D28A651EC002460A0 /* PreworkUITests.swift in Sources */ = {isa = PBXBuildFile; fileRef = A1E1448C28A651EC002460A0 /* PreworkUITests.swift */; };
		A1E1448F28A651EC002460A0 /* PreworkUITestsLaunchTests.swift in Sources */ = {isa = PBXBuildFile; fileRef = A1E1448E28A651EC002460A0 /* PreworkUITestsLaunchTests.swift */; };
		A1E1449C28A745C4002460A0 /* SettingsViewController.swift in Sources */ = {isa = PBXBuildFile; fileRef = A1E1449B28A745C4002460A0 /* SettingsViewController.swift */; };
/* End PBXBuildFile section */

/* Begin PBXContainerItemProxy section */
		A1E1447F28A651EC002460A0 /* PBXContainerItemProxy */ = {
			isa = PBXContainerItemProxy;
			containerPortal = A1E1446028A651E8002460A0 /* Project object */;
			proxyType = 1;
			remoteGlobalIDString = A1E1446728A651E8002460A0;
			remoteInfo = Prework;
		};
		A1E1448928A651EC002460A0 /* PBXContainerItemProxy */ = {
			isa = PBXContainerItemProxy;
			containerPortal = A1E1446028A651E8002460A0 /* Project object */;
			proxyType = 1;
			remoteGlobalIDString = A1E1446728A651E8002460A0;
			remoteInfo = Prework;
		};
/* End PBXContainerItemProxy section */

/* Begin PBXFileReference section */
		A10A3BB128AC0B84007835B1 /* Comfortaa-Light.ttf */ = {isa = PBXFileReference; lastKnownFileType = file; path = "Comfortaa-Light.ttf"; sourceTree = "<group>"; };
		A10A3BB228AC0B84007835B1 /* Comfortaa-Regular.ttf */ = {isa = PBXFileReference; lastKnownFileType = file; path = "Comfortaa-Regular.ttf"; sourceTree = "<group>"; };
		A10A3BB328AC0B84007835B1 /* Comfortaa-Bold.ttf */ = {isa = PBXFileReference; lastKnownFileType = file; path = "Comfortaa-Bold.ttf"; sourceTree = "<group>"; };
		A12DDFA228ACC75F0048F115 /* AppIcons */ = {isa = PBXFileReference; lastKnownFileType = folder; path = AppIcons; sourceTree = "<group>"; };
		A1E1446828A651E8002460A0 /* Tip Buddy.app */ = {isa = PBXFileReference; explicitFileType = wrapper.application; includeInIndex = 0; path = "Tip Buddy.app"; sourceTree = BUILT_PRODUCTS_DIR; };
		A1E1446B28A651E8002460A0 /* AppDelegate.swift */ = {isa = PBXFileReference; lastKnownFileType = sourcecode.swift; path = AppDelegate.swift; sourceTree = "<group>"; };
		A1E1446D28A651E8002460A0 /* SceneDelegate.swift */ = {isa = PBXFileReference; lastKnownFileType = sourcecode.swift; path = SceneDelegate.swift; sourceTree = "<group>"; };
		A1E1446F28A651E8002460A0 /* ViewController.swift */ = {isa = PBXFileReference; lastKnownFileType = sourcecode.swift; path = ViewController.swift; sourceTree = "<group>"; };
		A1E1447228A651E8002460A0 /* Base */ = {isa = PBXFileReference; lastKnownFileType = file.storyboard; name = Base; path = Base.lproj/Main.storyboard; sourceTree = "<group>"; };
		A1E1447428A651EC002460A0 /* Assets.xcassets */ = {isa = PBXFileReference; lastKnownFileType = folder.assetcatalog; path = Assets.xcassets; sourceTree = "<group>"; };
		A1E1447728A651EC002460A0 /* Base */ = {isa = PBXFileReference; lastKnownFileType = file.storyboard; name = Base; path = Base.lproj/LaunchScreen.storyboard; sourceTree = "<group>"; };
		A1E1447928A651EC002460A0 /* Info.plist */ = {isa = PBXFileReference; lastKnownFileType = text.plist.xml; path = Info.plist; sourceTree = "<group>"; };
		A1E1447E28A651EC002460A0 /* Tip BuddyTests.xctest */ = {isa = PBXFileReference; explicitFileType = wrapper.cfbundle; includeInIndex = 0; path = "Tip BuddyTests.xctest"; sourceTree = BUILT_PRODUCTS_DIR; };
		A1E1448228A651EC002460A0 /* PreworkTests.swift */ = {isa = PBXFileReference; lastKnownFileType = sourcecode.swift; path = PreworkTests.swift; sourceTree = "<group>"; };
		A1E1448828A651EC002460A0 /* Tip BuddyUITests.xctest */ = {isa = PBXFileReference; explicitFileType = wrapper.cfbundle; includeInIndex = 0; path = "Tip BuddyUITests.xctest"; sourceTree = BUILT_PRODUCTS_DIR; };
		A1E1448C28A651EC002460A0 /* PreworkUITests.swift */ = {isa = PBXFileReference; lastKnownFileType = sourcecode.swift; path = PreworkUITests.swift; sourceTree = "<group>"; };
		A1E1448E28A651EC002460A0 /* PreworkUITestsLaunchTests.swift */ = {isa = PBXFileReference; lastKnownFileType = sourcecode.swift; path = PreworkUITestsLaunchTests.swift; sourceTree = "<group>"; };
		A1E1449B28A745C4002460A0 /* SettingsViewController.swift */ = {isa = PBXFileReference; lastKnownFileType = sourcecode.swift; path = SettingsViewController.swift; sourceTree = "<group>"; };
/* End PBXFileReference section */

/* Begin PBXFrameworksBuildPhase section */
		A1E1446528A651E8002460A0 /* Frameworks */ = {
			isa = PBXFrameworksBuildPhase;
			buildActionMask = 2147483647;
			files = (
			);
			runOnlyForDeploymentPostprocessing = 0;
		};
		A1E1447B28A651EC002460A0 /* Frameworks */ = {
			isa = PBXFrameworksBuildPhase;
			buildActionMask = 2147483647;
			files = (
			);
			runOnlyForDeploymentPostprocessing = 0;
		};
		A1E1448528A651EC002460A0 /* Frameworks */ = {
			isa = PBXFrameworksBuildPhase;
			buildActionMask = 2147483647;
			files = (
			);
			runOnlyForDeploymentPostprocessing = 0;
		};
/* End PBXFrameworksBuildPhase section */

/* Begin PBXGroup section */
		A10A3BB028AC0B2B007835B1 /* Fonts */ = {
			isa = PBXGroup;
			children = (
				A10A3BB328AC0B84007835B1 /* Comfortaa-Bold.ttf */,
				A10A3BB128AC0B84007835B1 /* Comfortaa-Light.ttf */,
				A10A3BB228AC0B84007835B1 /* Comfortaa-Regular.ttf */,
			);
			path = Fonts;
			sourceTree = "<group>";
		};
		A1E1445F28A651E8002460A0 = {
			isa = PBXGroup;
			children = (
				A1E1446A28A651E8002460A0 /* Prework */,
				A1E1448128A651EC002460A0 /* PreworkTests */,
				A1E1448B28A651EC002460A0 /* PreworkUITests */,
				A1E1446928A651E8002460A0 /* Products */,
			);
			sourceTree = "<group>";
		};
		A1E1446928A651E8002460A0 /* Products */ = {
			isa = PBXGroup;
			children = (
				A1E1446828A651E8002460A0 /* Tip Buddy.app */,
				A1E1447E28A651EC002460A0 /* Tip BuddyTests.xctest */,
				A1E1448828A651EC002460A0 /* Tip BuddyUITests.xctest */,
			);
			name = Products;
			sourceTree = "<group>";
		};
		A1E1446A28A651E8002460A0 /* Prework */ = {
			isa = PBXGroup;
			children = (
				A10A3BB028AC0B2B007835B1 /* Fonts */,
				A1E1446B28A651E8002460A0 /* AppDelegate.swift */,
				A1E1446D28A651E8002460A0 /* SceneDelegate.swift */,
				A1E1446F28A651E8002460A0 /* ViewController.swift */,
				A1E1447128A651E8002460A0 /* Main.storyboard */,
				A1E1449B28A745C4002460A0 /* SettingsViewController.swift */,
				A1E1447428A651EC002460A0 /* Assets.xcassets */,
				A12DDFA228ACC75F0048F115 /* AppIcons */,
				A1E1447628A651EC002460A0 /* LaunchScreen.storyboard */,
				A1E1447928A651EC002460A0 /* Info.plist */,
			);
			path = Prework;
			sourceTree = "<group>";
		};
		A1E1448128A651EC002460A0 /* PreworkTests */ = {
			isa = PBXGroup;
			children = (
				A1E1448228A651EC002460A0 /* PreworkTests.swift */,
			);
			path = PreworkTests;
			sourceTree = "<group>";
		};
		A1E1448B28A651EC002460A0 /* PreworkUITests */ = {
			isa = PBXGroup;
			children = (
				A1E1448C28A651EC002460A0 /* PreworkUITests.swift */,
				A1E1448E28A651EC002460A0 /* PreworkUITestsLaunchTests.swift */,
			);
			path = PreworkUITests;
			sourceTree = "<group>";
		};
/* End PBXGroup section */

/* Begin PBXNativeTarget section */
		A1E1446728A651E8002460A0 /* Tip Buddy */ = {
			isa = PBXNativeTarget;
			buildConfigurationList = A1E1449228A651EC002460A0 /* Build configuration list for PBXNativeTarget "Tip Buddy" */;
			buildPhases = (
				A1E1446428A651E8002460A0 /* Sources */,
				A1E1446528A651E8002460A0 /* Frameworks */,
				A1E1446628A651E8002460A0 /* Resources */,
			);
			buildRules = (
			);
			dependencies = (
			);
			name = "Tip Buddy";
			productName = Prework;
			productReference = A1E1446828A651E8002460A0 /* Tip Buddy.app */;
			productType = "com.apple.product-type.application";
		};
		A1E1447D28A651EC002460A0 /* Tip BuddyTests */ = {
			isa = PBXNativeTarget;
			buildConfigurationList = A1E1449528A651EC002460A0 /* Build configuration list for PBXNativeTarget "Tip BuddyTests" */;
			buildPhases = (
				A1E1447A28A651EC002460A0 /* Sources */,
				A1E1447B28A651EC002460A0 /* Frameworks */,
				A1E1447C28A651EC002460A0 /* Resources */,
			);
			buildRules = (
			);
			dependencies = (
				A1E1448028A651EC002460A0 /* PBXTargetDependency */,
			);
			name = "Tip BuddyTests";
			productName = PreworkTests;
			productReference = A1E1447E28A651EC002460A0 /* Tip BuddyTests.xctest */;
			productType = "com.apple.product-type.bundle.unit-test";
		};
		A1E1448728A651EC002460A0 /* Tip BuddyUITests */ = {
			isa = PBXNativeTarget;
			buildConfigurationList = A1E1449828A651EC002460A0 /* Build configuration list for PBXNativeTarget "Tip BuddyUITests" */;
			buildPhases = (
				A1E1448428A651EC002460A0 /* Sources */,
				A1E1448528A651EC002460A0 /* Frameworks */,
				A1E1448628A651EC002460A0 /* Resources */,
			);
			buildRules = (
			);
			dependencies = (
				A1E1448A28A651EC002460A0 /* PBXTargetDependency */,
			);
			name = "Tip BuddyUITests";
			productName = PreworkUITests;
			productReference = A1E1448828A651EC002460A0 /* Tip BuddyUITests.xctest */;
			productType = "com.apple.product-type.bundle.ui-testing";
		};
/* End PBXNativeTarget section */

/* Begin PBXProject section */
		A1E1446028A651E8002460A0 /* Project object */ = {
			isa = PBXProject;
			attributes = {
				BuildIndependentTargetsInParallel = 1;
				LastSwiftUpdateCheck = 1340;
				LastUpgradeCheck = 1340;
				TargetAttributes = {
					A1E1446728A651E8002460A0 = {
						CreatedOnToolsVersion = 13.4.1;
					};
					A1E1447D28A651EC002460A0 = {
						CreatedOnToolsVersion = 13.4.1;
						TestTargetID = A1E1446728A651E8002460A0;
					};
					A1E1448728A651EC002460A0 = {
						CreatedOnToolsVersion = 13.4.1;
						TestTargetID = A1E1446728A651E8002460A0;
					};
				};
			};
			buildConfigurationList = A1E1446328A651E8002460A0 /* Build configuration list for PBXProject "Tip Buddy" */;
			compatibilityVersion = "Xcode 13.0";
			developmentRegion = en;
			hasScannedForEncodings = 0;
			knownRegions = (
				en,
				Base,
			);
			mainGroup = A1E1445F28A651E8002460A0;
			productRefGroup = A1E1446928A651E8002460A0 /* Products */;
			projectDirPath = "";
			projectRoot = "";
			targets = (
				A1E1446728A651E8002460A0 /* Tip Buddy */,
				A1E1447D28A651EC002460A0 /* Tip BuddyTests */,
				A1E1448728A651EC002460A0 /* Tip BuddyUITests */,
			);
		};
/* End PBXProject section */

/* Begin PBXResourcesBuildPhase section */
		A1E1446628A651E8002460A0 /* Resources */ = {
			isa = PBXResourcesBuildPhase;
			buildActionMask = 2147483647;
			files = (
				A10A3BB428AC0B84007835B1 /* Comfortaa-Light.ttf in Resources */,
				A1E1447828A651EC002460A0 /* LaunchScreen.storyboard in Resources */,
				A10A3BB628AC0B84007835B1 /* Comfortaa-Bold.ttf in Resources */,
				A1E1447528A651EC002460A0 /* Assets.xcassets in Resources */,
				A12DDFA328ACC75F0048F115 /* AppIcons in Resources */,
				A10A3BB528AC0B84007835B1 /* Comfortaa-Regular.ttf in Resources */,
				A1E1447328A651E8002460A0 /* Main.storyboard in Resources */,
			);
			runOnlyForDeploymentPostprocessing = 0;
		};
		A1E1447C28A651EC002460A0 /* Resources */ = {
			isa = PBXResourcesBuildPhase;
			buildActionMask = 2147483647;
			files = (
			);
			runOnlyForDeploymentPostprocessing = 0;
		};
		A1E1448628A651EC002460A0 /* Resources */ = {
			isa = PBXResourcesBuildPhase;
			buildActionMask = 2147483647;
			files = (
			);
			runOnlyForDeploymentPostprocessing = 0;
		};
/* End PBXResourcesBuildPhase section */

/* Begin PBXSourcesBuildPhase section */
		A1E1446428A651E8002460A0 /* Sources */ = {
			isa = PBXSourcesBuildPhase;
			buildActionMask = 2147483647;
			files = (
				A1E1447028A651E8002460A0 /* ViewController.swift in Sources */,
				A1E1446C28A651E8002460A0 /* AppDelegate.swift in Sources */,
				A1E1446E28A651E8002460A0 /* SceneDelegate.swift in Sources */,
				A1E1449C28A745C4002460A0 /* SettingsViewController.swift in Sources */,
			);
			runOnlyForDeploymentPostprocessing = 0;
		};
		A1E1447A28A651EC002460A0 /* Sources */ = {
			isa = PBXSourcesBuildPhase;
			buildActionMask = 2147483647;
			files = (
				A1E1448328A651EC002460A0 /* PreworkTests.swift in Sources */,
			);
			runOnlyForDeploymentPostprocessing = 0;
		};
		A1E1448428A651EC002460A0 /* Sources */ = {
			isa = PBXSourcesBuildPhase;
			buildActionMask = 2147483647;
			files = (
				A1E1448D28A651EC002460A0 /* PreworkUITests.swift in Sources */,
				A1E1448F28A651EC002460A0 /* PreworkUITestsLaunchTests.swift in Sources */,
			);
			runOnlyForDeploymentPostprocessing = 0;
		};
/* End PBXSourcesBuildPhase section */

/* Begin PBXTargetDependency section */
		A1E1448028A651EC002460A0 /* PBXTargetDependency */ = {
			isa = PBXTargetDependency;
			target = A1E1446728A651E8002460A0 /* Tip Buddy */;
			targetProxy = A1E1447F28A651EC002460A0 /* PBXContainerItemProxy */;
		};
		A1E1448A28A651EC002460A0 /* PBXTargetDependency */ = {
			isa = PBXTargetDependency;
			target = A1E1446728A651E8002460A0 /* Tip Buddy */;
			targetProxy = A1E1448928A651EC002460A0 /* PBXContainerItemProxy */;
		};
/* End PBXTargetDependency section */

/* Begin PBXVariantGroup section */
		A1E1447128A651E8002460A0 /* Main.storyboard */ = {
			isa = PBXVariantGroup;
			children = (
				A1E1447228A651E8002460A0 /* Base */,
			);
			name = Main.storyboard;
			sourceTree = "<group>";
		};
		A1E1447628A651EC002460A0 /* LaunchScreen.storyboard */ = {
			isa = PBXVariantGroup;
			children = (
				A1E1447728A651EC002460A0 /* Base */,
			);
			name = LaunchScreen.storyboard;
			sourceTree = "<group>";
		};
/* End PBXVariantGroup section */

/* Begin XCBuildConfiguration section */
		A1E1449028A651EC002460A0 /* Debug */ = {
			isa = XCBuildConfiguration;
			buildSettings = {
				ALWAYS_SEARCH_USER_PATHS = NO;
				CLANG_ANALYZER_NONNULL = YES;
				CLANG_ANALYZER_NUMBER_OBJECT_CONVERSION = YES_AGGRESSIVE;
				CLANG_CXX_LANGUAGE_STANDARD = "gnu++17";
				CLANG_ENABLE_MODULES = YES;
				CLANG_ENABLE_OBJC_ARC = YES;
				CLANG_ENABLE_OBJC_WEAK = YES;
				CLANG_WARN_BLOCK_CAPTURE_AUTORELEASING = YES;
				CLANG_WARN_BOOL_CONVERSION = YES;
				CLANG_WARN_COMMA = YES;
				CLANG_WARN_CONSTANT_CONVERSION = YES;
				CLANG_WARN_DEPRECATED_OBJC_IMPLEMENTATIONS = YES;
				CLANG_WARN_DIRECT_OBJC_ISA_USAGE = YES_ERROR;
				CLANG_WARN_DOCUMENTATION_COMMENTS = YES;
				CLANG_WARN_EMPTY_BODY = YES;
				CLANG_WARN_ENUM_CONVERSION = YES;
				CLANG_WARN_INFINITE_RECURSION = YES;
				CLANG_WARN_INT_CONVERSION = YES;
				CLANG_WARN_NON_LITERAL_NULL_CONVERSION = YES;
				CLANG_WARN_OBJC_IMPLICIT_RETAIN_SELF = YES;
				CLANG_WARN_OBJC_LITERAL_CONVERSION = YES;
				CLANG_WARN_OBJC_ROOT_CLASS = YES_ERROR;
				CLANG_WARN_QUOTED_INCLUDE_IN_FRAMEWORK_HEADER = YES;
				CLANG_WARN_RANGE_LOOP_ANALYSIS = YES;
				CLANG_WARN_STRICT_PROTOTYPES = YES;
				CLANG_WARN_SUSPICIOUS_MOVE = YES;
				CLANG_WARN_UNGUARDED_AVAILABILITY = YES_AGGRESSIVE;
				CLANG_WARN_UNREACHABLE_CODE = YES;
				CLANG_WARN__DUPLICATE_METHOD_MATCH = YES;
				COPY_PHASE_STRIP = NO;
				DEBUG_INFORMATION_FORMAT = dwarf;
				ENABLE_STRICT_OBJC_MSGSEND = YES;
				ENABLE_TESTABILITY = YES;
				GCC_C_LANGUAGE_STANDARD = gnu11;
				GCC_DYNAMIC_NO_PIC = NO;
				GCC_NO_COMMON_BLOCKS = YES;
				GCC_OPTIMIZATION_LEVEL = 0;
				GCC_PREPROCESSOR_DEFINITIONS = (
					"DEBUG=1",
					"$(inherited)",
				);
				GCC_WARN_64_TO_32_BIT_CONVERSION = YES;
				GCC_WARN_ABOUT_RETURN_TYPE = YES_ERROR;
				GCC_WARN_UNDECLARED_SELECTOR = YES;
				GCC_WARN_UNINITIALIZED_AUTOS = YES_AGGRESSIVE;
				GCC_WARN_UNUSED_FUNCTION = YES;
				GCC_WARN_UNUSED_VARIABLE = YES;
				IPHONEOS_DEPLOYMENT_TARGET = 15.5;
				MTL_ENABLE_DEBUG_INFO = INCLUDE_SOURCE;
				MTL_FAST_MATH = YES;
				ONLY_ACTIVE_ARCH = YES;
				SDKROOT = iphoneos;
				SWIFT_ACTIVE_COMPILATION_CONDITIONS = DEBUG;
				SWIFT_OPTIMIZATION_LEVEL = "-Onone";
			};
			name = Debug;
		};
		A1E1449128A651EC002460A0 /* Release */ = {
			isa = XCBuildConfiguration;
			buildSettings = {
				ALWAYS_SEARCH_USER_PATHS = NO;
				CLANG_ANALYZER_NONNULL = YES;
				CLANG_ANALYZER_NUMBER_OBJECT_CONVERSION = YES_AGGRESSIVE;
				CLANG_CXX_LANGUAGE_STANDARD = "gnu++17";
				CLANG_ENABLE_MODULES = YES;
				CLANG_ENABLE_OBJC_ARC = YES;
				CLANG_ENABLE_OBJC_WEAK = YES;
				CLANG_WARN_BLOCK_CAPTURE_AUTORELEASING = YES;
				CLANG_WARN_BOOL_CONVERSION = YES;
				CLANG_WARN_COMMA = YES;
				CLANG_WARN_CONSTANT_CONVERSION = YES;
				CLANG_WARN_DEPRECATED_OBJC_IMPLEMENTATIONS = YES;
				CLANG_WARN_DIRECT_OBJC_ISA_USAGE = YES_ERROR;
				CLANG_WARN_DOCUMENTATION_COMMENTS = YES;
				CLANG_WARN_EMPTY_BODY = YES;
				CLANG_WARN_ENUM_CONVERSION = YES;
				CLANG_WARN_INFINITE_RECURSION = YES;
				CLANG_WARN_INT_CONVERSION = YES;
				CLANG_WARN_NON_LITERAL_NULL_CONVERSION = YES;
				CLANG_WARN_OBJC_IMPLICIT_RETAIN_SELF = YES;
				CLANG_WARN_OBJC_LITERAL_CONVERSION = YES;
				CLANG_WARN_OBJC_ROOT_CLASS = YES_ERROR;
				CLANG_WARN_QUOTED_INCLUDE_IN_FRAMEWORK_HEADER = YES;
				CLANG_WARN_RANGE_LOOP_ANALYSIS = YES;
				CLANG_WARN_STRICT_PROTOTYPES = YES;
				CLANG_WARN_SUSPICIOUS_MOVE = YES;
				CLANG_WARN_UNGUARDED_AVAILABILITY = YES_AGGRESSIVE;
				CLANG_WARN_UNREACHABLE_CODE = YES;
				CLANG_WARN__DUPLICATE_METHOD_MATCH = YES;
				COPY_PHASE_STRIP = NO;
				DEBUG_INFORMATION_FORMAT = "dwarf-with-dsym";
				ENABLE_NS_ASSERTIONS = NO;
				ENABLE_STRICT_OBJC_MSGSEND = YES;
				GCC_C_LANGUAGE_STANDARD = gnu11;
				GCC_NO_COMMON_BLOCKS = YES;
				GCC_WARN_64_TO_32_BIT_CONVERSION = YES;
				GCC_WARN_ABOUT_RETURN_TYPE = YES_ERROR;
				GCC_WARN_UNDECLARED_SELECTOR = YES;
				GCC_WARN_UNINITIALIZED_AUTOS = YES_AGGRESSIVE;
				GCC_WARN_UNUSED_FUNCTION = YES;
				GCC_WARN_UNUSED_VARIABLE = YES;
				IPHONEOS_DEPLOYMENT_TARGET = 15.5;
				MTL_ENABLE_DEBUG_INFO = NO;
				MTL_FAST_MATH = YES;
				SDKROOT = iphoneos;
				SWIFT_COMPILATION_MODE = wholemodule;
				SWIFT_OPTIMIZATION_LEVEL = "-O";
				VALIDATE_PRODUCT = YES;
			};
			name = Release;
		};
		A1E1449328A651EC002460A0 /* Debug */ = {
			isa = XCBuildConfiguration;
			buildSettings = {
				ASSETCATALOG_COMPILER_APPICON_NAME = AppIcon;
				ASSETCATALOG_COMPILER_GLOBAL_ACCENT_COLOR_NAME = AccentColor;
				CODE_SIGN_STYLE = Automatic;
				CURRENT_PROJECT_VERSION = 1;
				DEVELOPMENT_TEAM = UBQY3492JQ;
				GENERATE_INFOPLIST_FILE = YES;
				INFOPLIST_FILE = Prework/Info.plist;
				INFOPLIST_KEY_UIApplicationSupportsIndirectInputEvents = YES;
				INFOPLIST_KEY_UILaunchStoryboardName = LaunchScreen;
				INFOPLIST_KEY_UIMainStoryboardFile = Main;
				INFOPLIST_KEY_UISupportedInterfaceOrientations_iPad = "UIInterfaceOrientationPortrait UIInterfaceOrientationPortraitUpsideDown UIInterfaceOrientationLandscapeLeft UIInterfaceOrientationLandscapeRight";
				INFOPLIST_KEY_UISupportedInterfaceOrientations_iPhone = "UIInterfaceOrientationPortrait UIInterfaceOrientationLandscapeLeft UIInterfaceOrientationLandscapeRight";
				LD_RUNPATH_SEARCH_PATHS = (
					"$(inherited)",
					"@executable_path/Frameworks",
				);
				MARKETING_VERSION = 1.0;
				PRODUCT_BUNDLE_IDENTIFIER = com.Sharonda.Prework;
				PRODUCT_NAME = "Tip Buddy";
				SWIFT_EMIT_LOC_STRINGS = YES;
				SWIFT_VERSION = 5.0;
				TARGETED_DEVICE_FAMILY = "1,2";
			};
			name = Debug;
		};
		A1E1449428A651EC002460A0 /* Release */ = {
			isa = XCBuildConfiguration;
			buildSettings = {
				ASSETCATALOG_COMPILER_APPICON_NAME = AppIcon;
				ASSETCATALOG_COMPILER_GLOBAL_ACCENT_COLOR_NAME = AccentColor;
				CODE_SIGN_STYLE = Automatic;
				CURRENT_PROJECT_VERSION = 1;
				DEVELOPMENT_TEAM = UBQY3492JQ;
				GENERATE_INFOPLIST_FILE = YES;
				INFOPLIST_FILE = Prework/Info.plist;
				INFOPLIST_KEY_UIApplicationSupportsIndirectInputEvents = YES;
				INFOPLIST_KEY_UILaunchStoryboardName = LaunchScreen;
				INFOPLIST_KEY_UIMainStoryboardFile = Main;
				INFOPLIST_KEY_UISupportedInterfaceOrientations_iPad = "UIInterfaceOrientationPortrait UIInterfaceOrientationPortraitUpsideDown UIInterfaceOrientationLandscapeLeft UIInterfaceOrientationLandscapeRight";
				INFOPLIST_KEY_UISupportedInterfaceOrientations_iPhone = "UIInterfaceOrientationPortrait UIInterfaceOrientationLandscapeLeft UIInterfaceOrientationLandscapeRight";
				LD_RUNPATH_SEARCH_PATHS = (
					"$(inherited)",
					"@executable_path/Frameworks",
				);
				MARKETING_VERSION = 1.0;
				PRODUCT_BUNDLE_IDENTIFIER = com.Sharonda.Prework;
				PRODUCT_NAME = "Tip Buddy";
				SWIFT_EMIT_LOC_STRINGS = YES;
				SWIFT_VERSION = 5.0;
				TARGETED_DEVICE_FAMILY = "1,2";
			};
			name = Release;
		};
		A1E1449628A651EC002460A0 /* Debug */ = {
			isa = XCBuildConfiguration;
			buildSettings = {
				ALWAYS_EMBED_SWIFT_STANDARD_LIBRARIES = YES;
				BUNDLE_LOADER = "$(TEST_HOST)";
				CODE_SIGN_STYLE = Automatic;
				CURRENT_PROJECT_VERSION = 1;
				DEVELOPMENT_TEAM = UBQY3492JQ;
				GENERATE_INFOPLIST_FILE = YES;
				IPHONEOS_DEPLOYMENT_TARGET = 15.5;
				MARKETING_VERSION = 1.0;
				PRODUCT_BUNDLE_IDENTIFIER = com.Sharonda.PreworkTests;
				PRODUCT_NAME = "$(TARGET_NAME)";
				SWIFT_EMIT_LOC_STRINGS = NO;
				SWIFT_VERSION = 5.0;
				TARGETED_DEVICE_FAMILY = "1,2";
				TEST_HOST = "$(BUILT_PRODUCTS_DIR)/Tip Buddy.app/Tip Buddy";
			};
			name = Debug;
		};
		A1E1449728A651EC002460A0 /* Release */ = {
			isa = XCBuildConfiguration;
			buildSettings = {
				ALWAYS_EMBED_SWIFT_STANDARD_LIBRARIES = YES;
				BUNDLE_LOADER = "$(TEST_HOST)";
				CODE_SIGN_STYLE = Automatic;
				CURRENT_PROJECT_VERSION = 1;
				DEVELOPMENT_TEAM = UBQY3492JQ;
				GENERATE_INFOPLIST_FILE = YES;
				IPHONEOS_DEPLOYMENT_TARGET = 15.5;
				MARKETING_VERSION = 1.0;
				PRODUCT_BUNDLE_IDENTIFIER = com.Sharonda.PreworkTests;
				PRODUCT_NAME = "$(TARGET_NAME)";
				SWIFT_EMIT_LOC_STRINGS = NO;
				SWIFT_VERSION = 5.0;
				TARGETED_DEVICE_FAMILY = "1,2";
				TEST_HOST = "$(BUILT_PRODUCTS_DIR)/Tip Buddy.app/Tip Buddy";
			};
			name = Release;
		};
		A1E1449928A651EC002460A0 /* Debug */ = {
			isa = XCBuildConfiguration;
			buildSettings = {
				ALWAYS_EMBED_SWIFT_STANDARD_LIBRARIES = YES;
				CODE_SIGN_STYLE = Automatic;
				CURRENT_PROJECT_VERSION = 1;
				DEVELOPMENT_TEAM = UBQY3492JQ;
				GENERATE_INFOPLIST_FILE = YES;
				MARKETING_VERSION = 1.0;
				PRODUCT_BUNDLE_IDENTIFIER = com.Sharonda.PreworkUITests;
				PRODUCT_NAME = "$(TARGET_NAME)";
				SWIFT_EMIT_LOC_STRINGS = NO;
				SWIFT_VERSION = 5.0;
				TARGETED_DEVICE_FAMILY = "1,2";
				TEST_TARGET_NAME = Prework;
			};
			name = Debug;
		};
		A1E1449A28A651EC002460A0 /* Release */ = {
			isa = XCBuildConfiguration;
			buildSettings = {
				ALWAYS_EMBED_SWIFT_STANDARD_LIBRARIES = YES;
				CODE_SIGN_STYLE = Automatic;
				CURRENT_PROJECT_VERSION = 1;
				DEVELOPMENT_TEAM = UBQY3492JQ;
				GENERATE_INFOPLIST_FILE = YES;
				MARKETING_VERSION = 1.0;
				PRODUCT_BUNDLE_IDENTIFIER = com.Sharonda.PreworkUITests;
				PRODUCT_NAME = "$(TARGET_NAME)";
				SWIFT_EMIT_LOC_STRINGS = NO;
				SWIFT_VERSION = 5.0;
				TARGETED_DEVICE_FAMILY = "1,2";
				TEST_TARGET_NAME = Prework;
			};
			name = Release;
		};
/* End XCBuildConfiguration section */

/* Begin XCConfigurationList section */
		A1E1446328A651E8002460A0 /* Build configuration list for PBXProject "Tip Buddy" */ = {
			isa = XCConfigurationList;
			buildConfigurations = (
				A1E1449028A651EC002460A0 /* Debug */,
				A1E1449128A651EC002460A0 /* Release */,
			);
			defaultConfigurationIsVisible = 0;
			defaultConfigurationName = Release;
		};
		A1E1449228A651EC002460A0 /* Build configuration list for PBXNativeTarget "Tip Buddy" */ = {
			isa = XCConfigurationList;
			buildConfigurations = (
				A1E1449328A651EC002460A0 /* Debug */,
				A1E1449428A651EC002460A0 /* Release */,
			);
			defaultConfigurationIsVisible = 0;
			defaultConfigurationName = Release;
		};
		A1E1449528A651EC002460A0 /* Build configuration list for PBXNativeTarget "Tip BuddyTests" */ = {
			isa = XCConfigurationList;
			buildConfigurations = (
				A1E1449628A651EC002460A0 /* Debug */,
				A1E1449728A651EC002460A0 /* Release */,
			);
			defaultConfigurationIsVisible = 0;
			defaultConfigurationName = Release;
		};
		A1E1449828A651EC002460A0 /* Build configuration list for PBXNativeTarget "Tip BuddyUITests" */ = {
			isa = XCConfigurationList;
			buildConfigurations = (
				A1E1449928A651EC002460A0 /* Debug */,
				A1E1449A28A651EC002460A0 /* Release */,
			);
			defaultConfigurationIsVisible = 0;
			defaultConfigurationName = Release;
		};
/* End XCConfigurationList section */
	};
	rootObject = A1E1446028A651E8002460A0 /* Project object */;
}
